{
  "nodes": {
    "agenix": {
      "inputs": {
        "darwin": "darwin",
        "home-manager": "home-manager",
        "nixpkgs": [
          "nixpkgs"
        ],
        "systems": "systems"
      },
      "locked": {
        "lastModified": 1770165109,
        "narHash": "sha256-9VnK6Oqai65puVJ4WYtCTvlJeXxMzAp/69HhQuTdl/I=",
        "owner": "ryantm",
        "repo": "agenix",
        "rev": "b027ee29d959fda4b60b57566d64c98a202e0feb",
        "type": "github"
      },
      "original": {
        "owner": "ryantm",
        "repo": "agenix",
        "type": "github"
      }
    },
    "cascade": {
      "inputs": {
        "nixpkgs": [
          "nixpkgs"
        ]
      },
      "locked": {
        "lastModified": 1789830930,
        "narHash": "sha256-HNeR4DVwu1dqhiY0eQdqJn7U6PPVdfPQKRi+z36QPxA=",
        "ref": "refs/heads/main",
        "rev": "64cafc854e868b89544aa58599b50ceeb25263cb",
        "revCount": 64,
        "type": "git",
        "url": "ssh://git@github.com/greglaurent/cascade-typography"
      },
      "original": {
        "type": "git",
        "url": "ssh://git@github.com/greglaurent/cascade-typography"
      }
    },
    "claude-desktop": {
      "inputs": {
        "flake-parts": "flake-parts",
        "nixpkgs": "nixpkgs"
      },
      "locked": {
        "lastModified": 1790126552,
        "narHash": "sha256-GF/HgPno3FToU9MWbl+4+nhTpEF6o++ONGRr6hPkqxA=",
        "owner": "aaddrick",
        "repo": "claude-desktop-debian",
        "rev": "00a57fad716d38f1f543db135a832b5125b55786",
        "type": "github"
      },
      "original": {
        "owner": "aaddrick",
        "repo": "claude-desktop-debian",
        "type": "github"
      }
    },
    "dank-greeter": {
      "inputs": {
        "dank-qml-common": "dank-qml-common",
        "nixpkgs": [
          "nixpkgs"
        ]
      },
      "locked": {
        "lastModified": 1790079787,
        "narHash": "sha256-O+CiSlHFs1uQfD4nmZ+ndHEesYlyryioFiiaWSWkAEQ=",
        "owner": "AvengeMedia",
        "repo": "dank-greeter",
        "rev": "423f7a21b64bd9a401ced665d794617c4727fd7f",
        "type": "github"
      },
      "original": {
        "owner": "AvengeMedia",
        "repo": "dank-greeter",
        "type": "github"
      }
    },
    "dank-qml-common": {
      "flake": false,
      "locked": {
        "lastModified": 1790075259,
        "narHash": "sha256-IKF/lGSBXM5Iqbh+dNM13qTPAXoRThwtbrerhMjk7xI=",
        "owner": "AvengeMedia",
        "repo": "dank-qml-common",
        "rev": "a88b16e8de115570f6442effa03207a1fc09bac1",
        "type": "github"
      },
      "original": {
        "owner": "AvengeMedia",
        "repo": "dank-qml-common",
        "type": "github"
      }
    },
    "dank-qml-common_2": {
      "flake": false,
      "locked": {
        "lastModified": 1788376015,
        "narHash": "sha256-/tT8rTznLADndTwLBzdgzzgfJH1ZhYQibYo5v/F8U+U=",
        "owner": "AvengeMedia",
        "repo": "dank-qml-common",
        "rev": "26396ce432d6c71c3f5367438f96f4a8d667e160",
        "type": "github"
      },
      "original": {
        "owner": "AvengeMedia",
        "repo": "dank-qml-common",
        "type": "github"
      }
    },
    "darwin": {
      "inputs": {
        "nixpkgs": [
          "agenix",
          "nixpkgs"
        ]
      },
      "locked": {
        "lastModified": 1744478979,
        "narHash": "sha256-dyN+teG9G82G+m+PX/aSAagkC+vUv0SgUw3XkPhQodQ=",
        "owner": "lnl7",
        "repo": "nix-darwin",
        "rev": "43975d782b418ebf4969e9ccba82466728c2851b",
        "type": "github"
      },
      "original": {
        "owner": "lnl7",
        "ref": "master",
        "repo": "nix-darwin",
        "type": "github"
      }
    },
    "dms": {
      "inputs": {
        "dank-qml-common": "dank-qml-common_2",
        "flake-compat": "flake-compat",
        "nixpkgs": [
          "nixpkgs"
        ]
      },
      "locked": {
        "lastModified": 1789657660,
        "narHash": "sha256-NPYX33iiXo6aBwh7umfJzeZQBedupOG7pk5z171ID3s=",
        "owner": "AvengeMedia",
        "repo": "DankMaterialShell",
        "rev": "2db7646fe3ab47fddfdb8723f2da07d61a0d47ac",
        "type": "github"
      },
      "original": {
        "owner": "AvengeMedia",
        "ref": "stable",
        "repo": "DankMaterialShell",
        "type": "github"
      }
    },
    "doom-emacs": {
      "inputs": {
        "doomdir": "doomdir",
        "doomemacs": "doomemacs",
        "doomemacs-modules": "doomemacs-modules",
        "emacs-overlay": "emacs-overlay",
        "nixpkgs": [
          "nixpkgs"
        ]
      },
      "locked": {
        "lastModified": 1790083689,
        "narHash": "sha256-vtdVmmf9ArzjDdgjXyhYpMAodn4+6awHxSuoRVve5L8=",
        "owner": "marienz",
        "repo": "nix-doom-emacs-unstraightened",
        "rev": "76d1920eee44921340c25648125a8b12fb989208",
        "type": "github"
      },
      "original": {
        "owner": "marienz",
        "repo": "nix-doom-emacs-unstraightened",
        "type": "github"
      }
    },
    "doomdir": {
      "flake": false,
      "locked": {
        "lastModified": 1783603851,
        "narHash": "sha256-PXn0v4NR75U7/FpkaZ9GD6HPepVY5vVT48tMd1tMgdQ=",
        "owner": "marienz",
        "repo": "nix-doom-emacs-unstraightened",
        "rev": "4c63e8a411f815bd2473e5ced94dc4b8bf31d240",
        "type": "github"
      },
      "original": {
        "owner": "marienz",
        "ref": "doomdir",
        "repo": "nix-doom-emacs-unstraightened",
        "type": "github"
      }
    },
    "doomemacs": {
      "flake": false,
      "locked": {
        "lastModified": 1788654597,
        "narHash": "sha256-Ywp5JhRziVk11M8qPhejJS+tF4ONNbOhevj5JRZsfOg=",
        "owner": "doomemacs",
        "repo": "core",
        "rev": "01d68aaf6bd7db073365385cd82e1ad7e815295c",
        "type": "github"
      },
      "original": {
        "owner": "doomemacs",
        "repo": "core",
        "type": "github"
      }
    },
    "doomemacs-modules": {
      "flake": false,
      "locked": {
        "lastModified": 1788284745,
        "narHash": "sha256-W+Xwss52Eb6K+I7TRaCU3Z5zPxmo0PfWbNPNLJv1TjE=",
        "owner": "doomemacs",
        "repo": "modules",
        "rev": "d57ab52a3425b6d39564fb011b0e9571da0e270f",
        "type": "github"
      },
      "original": {
        "owner": "doomemacs",
        "repo": "modules",
        "type": "github"
      }
    },
    "emacs-overlay": {
      "inputs": {
        "nixpkgs": [
          "doom-emacs"
        ],
        "nixpkgs-stable": [
          "doom-emacs"
        ]
      },
      "locked": {
        "lastModified": 1790082606,
        "narHash": "sha256-e2TqqcyPItl5eTJwAPHeVFyHn4LbmA9Z0SD8cdzoAD8=",
        "owner": "nix-community",
        "repo": "emacs-overlay",
        "rev": "90015f2441fb378033e9b3182f9c9633c6a52aa0",
        "type": "github"
      },
      "original": {
        "owner": "nix-community",
        "repo": "emacs-overlay",
        "type": "github"
      }
    },
    "flake-compat": {
      "flake": false,
      "locked": {
        "lastModified": 1767039857,
        "narHash": "sha256-vNpUSpF5Nuw8xvDLj2KCwwksIbjua2LZCqhV1LNRDns=",
        "owner": "NixOS",
        "repo": "flake-compat",
        "rev": "5edf11c44bc78a0d334f6334cdaf7d60d732daab",
        "type": "github"
      },
      "original": {
        "owner": "NixOS",
        "repo": "flake-compat",
        "type": "github"
      }
    },
    "flake-parts": {
      "inputs": {
        "nixpkgs-lib": "nixpkgs-lib"
      },
      "locked": {
        "lastModified": 1788450739,
        "narHash": "sha256-glZLQlzIn1fXH6PazR2iUmTo7kzzyYSshrWhLS9TqCU=",
        "owner": "hercules-ci",
        "repo": "flake-parts",
        "rev": "31729ca8cbdb4fa927b34e5f4353e6a83f39e993",
        "type": "github"
      },
      "original": {
        "owner": "hercules-ci",
        "repo": "flake-parts",
        "type": "github"
      }
    },
    "home-manager": {
      "inputs": {
        "nixpkgs": [
          "agenix",
          "nixpkgs"
        ]
      },
      "locked": {
        "lastModified": 1745494811,
        "narHash": "sha256-YZCh2o9Ua1n9uCvrvi5pRxtuVNml8X2a03qIFfRKpFs=",
        "owner": "nix-community",
        "repo": "home-manager",
        "rev": "abfad3d2958c9e6300a883bd443512c55dfeb1be",
        "type": "github"
      },
      "original": {
        "owner": "nix-community",
        "repo": "home-manager",
        "type": "github"
      }
    },
    "home-manager_2": {
      "inputs": {
        "nixpkgs": [
          "nixpkgs"
        ]
      },
      "locked": {
        "lastModified": 1789267039,
        "narHash": "sha256-LWiBv9yAYFi2LPbUhDGHPGKYskJQjj2fw12OlyO1uQo=",
        "owner": "nix-community",
        "repo": "home-manager",
        "rev": "ec172013fa62135f58fb58dd17ae9651e8f39727",
        "type": "github"
      },
      "original": {
        "owner": "nix-community",
        "ref": "release-26.05",
        "repo": "home-manager",
        "type": "github"
      }
    },
    "home-manager_3": {
      "inputs": {
        "nixpkgs": [
          "zen-browser",
          "nixpkgs"
        ]
      },
      "locked": {
        "lastModified": 1789430117,
        "narHash": "sha256-t+U1mijItLJ64xZOifpfQ17kpAL73nU7pDI48ScacVc=",
        "owner": "nix-community",
        "repo": "home-manager",
        "rev": "cda90fd8838825c689fde9d3f3b4e937937790df",
        "type": "github"
      },
      "original": {
        "owner": "nix-community",
        "repo": "home-manager",
        "type": "github"
      }
    },
    "nixos-hardware": {
      "inputs": {
        "nixpkgs": "nixpkgs_2"
      },
      "locked": {
        "lastModified": 1789978172,
        "narHash": "sha256-FIRXajv1pPZ+l6On6ekkmcQ6le0Zi0ncRUoR3nB0vKA=",
        "owner": "NixOS",
        "repo": "nixos-hardware",
        "rev": "9ebcb7766700d7e006d9505247bd7ce0426f4232",
        "type": "github"
      },
      "original": {
        "owner": "NixOS",
        "repo": "nixos-hardware",
        "type": "github"
      }
    },
    "nixpkgs": {
      "locked": {
        "lastModified": 1789724158,
        "narHash": "sha256-nlKgrm0dsVhOSopKheVBCcOpiIticufPPVLdVOI0euA=",
        "owner": "nixos",
        "repo": "nixpkgs",
        "rev": "0a3468a402c449992505b6a9fc5b06580141b750",
        "type": "github"
      },
      "original": {
        "owner": "nixos",
        "ref": "nixpkgs-unstable",
        "repo": "nixpkgs",
        "type": "github"
      }
    },
    "nixpkgs-lib": {
      "locked": {
        "lastModified": 1788057806,
        "narHash": "sha256-DTQSMxzDWmT0zhguthvegnVkn7CFqGCv4IHCzk5ZUpM=",
        "owner": "nix-community",
        "repo": "nixpkgs.lib",
        "rev": "596e2e3940e09b2abbeb03f75fa1828c57fcd72c",
        "type": "github"
      },
      "original": {
        "owner": "nix-community",
        "repo": "nixpkgs.lib",
        "type": "github"
      }
    },
    "nixpkgs-unstable": {
      "locked": {
        "lastModified": 1790129251,
        "narHash": "sha256-hnCbO2PRL+EftlNv0mUJQI8Lg0t3/zL87hbrlpD9l/4=",
        "owner": "NixOS",
        "repo": "nixpkgs",
        "rev": "bee02066546d9018a0b45090a0afbff09f756640",
        "type": "github"
      },
      "original": {
        "owner": "NixOS",
        "ref": "nixos-unstable",
        "repo": "nixpkgs",
        "type": "github"
      }
    },
    "nixpkgs_2": {
      "locked": {
        "lastModified": 1789546076,
        "narHash": "sha256-vWkSk5bbfTqdtMoSgD9FshACO8JCvXTFi+3cqEp0mH0=",
        "rev": "b1b875982b17dabde9b4a37f3e229e74913e6db3",
        "type": "tarball",
        "url": "https://releases.nixos.org/nixos/unstable/nixos-26.11pre1074753.b1b875982b17/nixexprs.tar.xz"
      },
      "original": {
        "type": "tarball",
        "url": "https://channels.nixos.org/nixos-unstable/nixexprs.tar.xz"
      }
    },
    "nixpkgs_3": {
      "locked": {
        "lastModified": 1790113641,
        "narHash": "sha256-D2aaQetafdpHxbwA4ldAxs51UX0b11pXL+JL/5L8VrM=",
        "owner": "NixOS",
        "repo": "nixpkgs",
        "rev": "1bc55b9def8165e82073919945c3239903fe4dc2",
        "type": "github"
      },
      "original": {
        "owner": "NixOS",
        "ref": "nixos-26.05",
        "repo": "nixpkgs",
        "type": "github"
      }
    },
    "rename-books": {
      "inputs": {
        "nixpkgs": [
          "nixpkgs"
        ]
      },
      "locked": {
        "lastModified": 1789755869,
        "narHash": "sha256-YT2avDfI6Y19Vs0sfK2S9XXcHmGstpFZGHsFQfsFKqc=",
        "ref": "refs/heads/main",
        "rev": "264d6ef7e9720ec428bb97003d492f0a84ab7d39",
        "revCount": 2,
        "type": "git",
        "url": "ssh://git@github.com/greglaurent/rename-books"
      },
      "original": {
        "type": "git",
        "url": "ssh://git@github.com/greglaurent/rename-books"
      }
    },
    "root": {
      "inputs": {
        "agenix": "agenix",
        "cascade": "cascade",
        "claude-desktop": "claude-desktop",
        "dank-greeter": "dank-greeter",
        "dms": "dms",
        "doom-emacs": "doom-emacs",
        "home-manager": "home-manager_2",
        "nixos-hardware": "nixos-hardware",
        "nixpkgs": "nixpkgs_3",
        "nixpkgs-unstable": "nixpkgs-unstable",
        "rename-books": "rename-books",
        "typst-libs": "typst-libs",
        "zen-browser": "zen-browser"
      }
    },
    "systems": {
      "locked": {
        "lastModified": 1681028828,
        "narHash": "sha256-Vy1rq5AaRuLzOxct8nz4T6wlgyUR7zLU309k9mBC768=",
        "owner": "nix-systems",
        "repo": "default",
        "rev": "da67096a3b9bf56a91d16901293e51ba5b49a27e",
        "type": "github"
      },
      "original": {
        "owner": "nix-systems",
        "repo": "default",
        "type": "github"
      }
    },
    "typst-libs": {
      "inputs": {
        "nixpkgs": [
          "nixpkgs"
        ]
      },
      "locked": {
        "lastModified": 1789827271,
        "narHash": "sha256-0wz5y6H4aZgu2yhpUWRELW/9LoIR/OE4nJphhi9+htg=",
        "ref": "refs/heads/master",
        "rev": "d7c6b5820b91ed7f80a41a89bc53f72a40a72642",
        "revCount": 12,
        "type": "git",
        "url": "ssh://git@github.com/greglaurent/typst-libs"
      },
      "original": {
        "type": "git",
        "url": "ssh://git@github.com/greglaurent/typst-libs"
      }
    },
    "zen-browser": {
      "inputs": {
        "home-manager": "home-manager_3",
        "nixpkgs": [
          "nixpkgs"
        ]
      },
      "locked": {
        "lastModified": 1790160881,
        "narHash": "sha256-VTHBBI0EvApXSssCthrYLsrGN4/0nM/tW9A17NEmKEU=",
        "owner": "0xc000022070",
        "repo": "zen-browser-flake",
        "rev": "1b16ef2b81078b5f363e6bb689d2193f8eccadb7",
        "type": "github"
      },
      "original": {
        "owner": "0xc000022070",
        "repo": "zen-browser-flake",
        "type": "github"
      }
    }
  },
  "root": "root",
  "version": 7
}
